// !$*UTF8*$!
{
	archiveVersion = 1;
	classes = {
	};
	objectVersion = 46;
	objects = {

/* Begin PBXBuildFile section */
		7DB998431CE6A16400EE7ECF /* AppDelegate.swift in Sources */ = {isa = PBXBuildFile; fileRef = 7DB998421CE6A16400EE7ECF /* AppDelegate.swift */; };
		7DB998481CE6A16400EE7ECF /* Main.storyboard in Resources */ = {isa = PBXBuildFile; fileRef = 7DB998461CE6A16400EE7ECF /* Main.storyboard */; };
		7DB9984A1CE6A16400EE7ECF /* Assets.xcassets in Resources */ = {isa = PBXBuildFile; fileRef = 7DB998491CE6A16400EE7ECF /* Assets.xcassets */; };
		7DB9984D1CE6A16400EE7ECF /* LaunchScreen.storyboard in Resources */ = {isa = PBXBuildFile; fileRef = 7DB9984B1CE6A16400EE7ECF /* LaunchScreen.storyboard */; };
		7DD63DE81D0649C0009BB9C9 /* CollectionViewController.swift in Sources */ = {isa = PBXBuildFile; fileRef = 7DD63DE71D0649C0009BB9C9 /* CollectionViewController.swift */; };
		7DD63DEA1D0649FD009BB9C9 /* CollectionViewCell.swift in Sources */ = {isa = PBXBuildFile; fileRef = 7DD63DE91D0649FD009BB9C9 /* CollectionViewCell.swift */; };
		7DF67FD01D374075005C32AC /* Desire2Learn.swift in Sources */ = {isa = PBXBuildFile; fileRef = 7DF67FCF1D374075005C32AC /* Desire2Learn.swift */; };
/* End PBXBuildFile section */

/* Begin PBXFileReference section */
		7DB9983F1CE6A16400EE7ECF /* CUApp.app */ = {isa = PBXFileReference; explicitFileType = wrapper.application; includeInIndex = 0; path = CUApp.app; sourceTree = BUILT_PRODUCTS_DIR; };
		7DB998421CE6A16400EE7ECF /* AppDelegate.swift */ = {isa = PBXFileReference; lastKnownFileType = sourcecode.swift; path = AppDelegate.swift; sourceTree = "<group>"; };
		7DB998471CE6A16400EE7ECF /* Base */ = {isa = PBXFileReference; lastKnownFileType = file.storyboard; name = Base; path = Base.lproj/Main.storyboard; sourceTree = "<group>"; };
		7DB998491CE6A16400EE7ECF /* Assets.xcassets */ = {isa = PBXFileReference; lastKnownFileType = folder.assetcatalog; path = Assets.xcassets; sourceTree = "<group>"; };
		7DB9984C1CE6A16400EE7ECF /* Base */ = {isa = PBXFileReference; lastKnownFileType = file.storyboard; name = Base; path = Base.lproj/LaunchScreen.storyboard; sourceTree = "<group>"; };
		7DB9984E1CE6A16400EE7ECF /* Info.plist */ = {isa = PBXFileReference; lastKnownFileType = text.plist.xml; path = Info.plist; sourceTree = "<group>"; };
		7DD63DE71D0649C0009BB9C9 /* CollectionViewController.swift */ = {isa = PBXFileReference; fileEncoding = 4; lastKnownFileType = sourcecode.swift; name = CollectionViewController.swift; path = ../CollectionViewController.swift; sourceTree = "<group>"; };
		7DD63DE91D0649FD009BB9C9 /* CollectionViewCell.swift */ = {isa = PBXFileReference; fileEncoding = 4; lastKnownFileType = sourcecode.swift; path = CollectionViewCell.swift; sourceTree = "<group>"; };
		7DF67FCF1D374075005C32AC /* Desire2Learn.swift */ = {isa = PBXFileReference; fileEncoding = 4; lastKnownFileType = sourcecode.swift; path = Desire2Learn.swift; sourceTree = "<group>"; };
/* End PBXFileReference section */

/* Begin PBXFrameworksBuildPhase section */
		7DB9983C1CE6A16300EE7ECF /* Frameworks */ = {
			isa = PBXFrameworksBuildPhase;
			buildActionMask = 2147483647;
			files = (
			);
			runOnlyForDeploymentPostprocessing = 0;
		};
/* End PBXFrameworksBuildPhase section */

/* Begin PBXGroup section */
		7DB998361CE6A16300EE7ECF = {
			isa = PBXGroup;
			children = (
				7DB998411CE6A16400EE7ECF /* CUApp */,
				7DB998401CE6A16400EE7ECF /* Products */,
			);
			sourceTree = "<group>";
		};
		7DB998401CE6A16400EE7ECF /* Products */ = {
			isa = PBXGroup;
			children = (
				7DB9983F1CE6A16400EE7ECF /* CUApp.app */,
			);
			name = Products;
			sourceTree = "<group>";
		};
		7DB998411CE6A16400EE7ECF /* CUApp */ = {
			isa = PBXGroup;
			children = (
				7DD63DE71D0649C0009BB9C9 /* CollectionViewController.swift */,
				7DB998421CE6A16400EE7ECF /* AppDelegate.swift */,
				7DB998461CE6A16400EE7ECF /* Main.storyboard */,
				7DF67FCF1D374075005C32AC /* Desire2Learn.swift */,
				7DD63DE91D0649FD009BB9C9 /* CollectionViewCell.swift */,
				7DB998491CE6A16400EE7ECF /* Assets.xcassets */,
				7DB9984B1CE6A16400EE7ECF /* LaunchScreen.storyboard */,
				7DB9984E1CE6A16400EE7ECF /* Info.plist */,
			);
			path = CUApp;
			sourceTree = "<group>";
		};
/* End PBXGroup section */

/* Begin PBXNativeTarget section */
		7DB9983E1CE6A16300EE7ECF /* CUApp */ = {
			isa = PBXNativeTarget;
			buildConfigurationList = 7DB998511CE6A16400EE7ECF /* Build configuration list for PBXNativeTarget "CUApp" */;
			buildPhases = (
				7DB9983B1CE6A16300EE7ECF /* Sources */,
				7DB9983C1CE6A16300EE7ECF /* Frameworks */,
				7DB9983D1CE6A16300EE7ECF /* Resources */,
			);
			buildRules = (
			);
			dependencies = (
			);
			name = CUApp;
			productName = CUApp;
			productReference = 7DB9983F1CE6A16400EE7ECF /* CUApp.app */;
			productType = "com.apple.product-type.application";
		};
/* End PBXNativeTarget section */

/* Begin PBXProject section */
		7DB998371CE6A16300EE7ECF /* Project object */ = {
			isa = PBXProject;
			attributes = {
				LastSwiftUpdateCheck = 0730;
				LastUpgradeCheck = 0730;
				ORGANIZATIONNAME = babyllama;
				TargetAttributes = {
					7DB9983E1CE6A16300EE7ECF = {
						CreatedOnToolsVersion = 7.3;
					};
				};
			};
			buildConfigurationList = 7DB9983A1CE6A16300EE7ECF /* Build configuration list for PBXProject "CUApp" */;
			compatibilityVersion = "Xcode 3.2";
			developmentRegion = English;
			hasScannedForEncodings = 0;
			knownRegions = (
				en,
				Base,
			);
			mainGroup = 7DB998361CE6A16300EE7ECF;
			productRefGroup = 7DB998401CE6A16400EE7ECF /* Products */;
			projectDirPath = "";
			projectRoot = "";
			targets = (
				7DB9983E1CE6A16300EE7ECF /* CUApp */,
			);
		};
/* End PBXProject section */

/* Begin PBXResourcesBuildPhase section */
		7DB9983D1CE6A16300EE7ECF /* Resources */ = {
			isa = PBXResourcesBuildPhase;
			buildActionMask = 2147483647;
			files = (
				7DB9984D1CE6A16400EE7ECF /* LaunchScreen.storyboard in Resources */,
				7DB9984A1CE6A16400EE7ECF /* Assets.xcassets in Resources */,
				7DB998481CE6A16400EE7ECF /* Main.storyboard in Resources */,
			);
			runOnlyForDeploymentPostprocessing = 0;
		};
/* End PBXResourcesBuildPhase section */

/* Begin PBXSourcesBuildPhase section */
		7DB9983B1CE6A16300EE7ECF /* Sources */ = {
			isa = PBXSourcesBuildPhase;
			buildActionMask = 2147483647;
			files = (
				7DD63DE81D0649C0009BB9C9 /* CollectionViewController.swift in Sources */,
				7DF67FD01D374075005C32AC /* Desire2Learn.swift in Sources */,
				7DB998431CE6A16400EE7ECF /* AppDelegate.swift in Sources */,
				7DD63DEA1D0649FD009BB9C9 /* CollectionViewCell.swift in Sources */,
			);
			runOnlyForDeploymentPostprocessing = 0;
		};
/* End PBXSourcesBuildPhase section */

/* Begin PBXVariantGroup section */
		7DB998461CE6A16400EE7ECF /* Main.storyboard */ = {
			isa = PBXVariantGroup;
			children = (
				7DB998471CE6A16400EE7ECF /* Base */,
			);
			name = Main.storyboard;
			sourceTree = "<group>";
		};
		7DB9984B1CE6A16400EE7ECF /* LaunchScreen.storyboard */ = {
			isa = PBXVariantGroup;
			children = (
				7DB9984C1CE6A16400EE7ECF /* Base */,
			);
			name = LaunchScreen.storyboard;
			sourceTree = "<group>";
		};
/* End PBXVariantGroup section */

/* Begin XCBuildConfiguration section */
		7DB9984F1CE6A16400EE7ECF /* Debug */ = {
			isa = XCBuildConfiguration;
			buildSettings = {
				ALWAYS_SEARCH_USER_PATHS = NO;
				CLANG_ANALYZER_NONNULL = YES;
				CLANG_CXX_LANGUAGE_STANDARD = "gnu++0x";
				CLANG_CXX_LIBRARY = "libc++";
				CLANG_ENABLE_MODULES = YES;
				CLANG_ENABLE_OBJC_ARC = YES;
				CLANG_WARN_BOOL_CONVERSION = YES;
				CLANG_WARN_CONSTANT_CONVERSION = YES;
				CLANG_WARN_DIRECT_OBJC_ISA_USAGE = YES_ERROR;
				CLANG_WARN_EMPTY_BODY = YES;
				CLANG_WARN_ENUM_CONVERSION = YES;
				CLANG_WARN_INT_CONVERSION = YES;
				CLANG_WARN_OBJC_ROOT_CLASS = YES_ERROR;
				CLANG_WARN_UNREACHABLE_CODE = YES;
				CLANG_WARN__DUPLICATE_METHOD_MATCH = YES;
				"CODE_SIGN_IDENTITY[sdk=iphoneos*]" = "iPhone Developer";
				COPY_PHASE_STRIP = NO;
				DEBUG_INFORMATION_FORMAT = dwarf;
				ENABLE_STRICT_OBJC_MSGSEND = YES;
				ENABLE_TESTABILITY = YES;
				GCC_C_LANGUAGE_STANDARD = gnu99;
				GCC_DYNAMIC_NO_PIC = NO;
				GCC_NO_COMMON_BLOCKS = YES;
				GCC_OPTIMIZATION_LEVEL = 0;
				GCC_PREPROCESSOR_DEFINITIONS = (
					"DEBUG=1",
					"$(inherited)",
				);
				GCC_WARN_64_TO_32_BIT_CONVERSION = YES;
				GCC_WARN_ABOUT_RETURN_TYPE = YES_ERROR;
				GCC_WARN_UNDECLARED_SELECTOR = YES;
				GCC_WARN_UNINITIALIZED_AUTOS = YES_AGGRESSIVE;
				GCC_WARN_UNUSED_FUNCTION = YES;
				GCC_WARN_UNUSED_VARIABLE = YES;
				IPHONEOS_DEPLOYMENT_TARGET = 9.3;
				MTL_ENABLE_DEBUG_INFO = YES;
				ONLY_ACTIVE_ARCH = YES;
				SDKROOT = iphoneos;
				SWIFT_OPTIMIZATION_LEVEL = "-Onone";
				TARGETED_DEVICE_FAMILY = "1,2";
			};
			name = Debug;
		};
		7DB998501CE6A16400EE7ECF /* Release */ = {
			isa = XCBuildConfiguration;
			buildSettings = {
				ALWAYS_SEARCH_USER_PATHS = NO;
				CLANG_ANALYZER_NONNULL = YES;
				CLANG_CXX_LANGUAGE_STANDARD = "gnu++0x";
				CLANG_CXX_LIBRARY = "libc++";
				CLANG_ENABLE_MODULES = YES;
				CLANG_ENABLE_OBJC_ARC = YES;
				CLANG_WARN_BOOL_CONVERSION = YES;
				CLANG_WARN_CONSTANT_CONVERSION = YES;
				CLANG_WARN_DIRECT_OBJC_ISA_USAGE = YES_ERROR;
				CLANG_WARN_EMPTY_BODY = YES;
				CLANG_WARN_ENUM_CONVERSION = YES;
				CLANG_WARN_INT_CONVERSION = YES;
				CLANG_WARN_OBJC_ROOT_CLASS = YES_ERROR;
				CLANG_WARN_UNREACHABLE_CODE = YES;
				CLANG_WARN__DUPLICATE_METHOD_MATCH = YES;
				"CODE_SIGN_IDENTITY[sdk=iphoneos*]" = "iPhone Developer";
				COPY_PHASE_STRIP = NO;
				DEBUG_INFORMATION_FORMAT = "dwarf-with-dsym";
				ENABLE_NS_ASSERTIONS = NO;
				ENABLE_STRICT_OBJC_MSGSEND = YES;
				GCC_C_LANGUAGE_STANDARD = gnu99;
				GCC_NO_COMMON_BLOCKS = YES;
				GCC_WARN_64_TO_32_BIT_CONVERSION = YES;
				GCC_WARN_ABOUT_RETURN_TYPE = YES_ERROR;
				GCC_WARN_UNDECLARED_SELECTOR = YES;
				GCC_WARN_UNINITIALIZED_AUTOS = YES_AGGRESSIVE;
				GCC_WARN_UNUSED_FUNCTION = YES;
				GCC_WARN_UNUSED_VARIABLE = YES;
				IPHONEOS_DEPLOYMENT_TARGET = 9.3;
				MTL_ENABLE_DEBUG_INFO = NO;
				SDKROOT = iphoneos;
				TARGETED_DEVICE_FAMILY = "1,2";
				VALIDATE_PRODUCT = YES;
			};
			name = Release;
		};
		7DB998521CE6A16400EE7ECF /* Debug */ = {
			isa = XCBuildConfiguration;
			buildSettings = {
				ASSETCATALOG_COMPILER_APPICON_NAME = AppIcon;
				INFOPLIST_FILE = CUApp/Info.plist;
				LD_RUNPATH_SEARCH_PATHS = "$(inherited) @executable_path/Frameworks";
				PRODUCT_BUNDLE_IDENTIFIER = jessalbarian.CUApp;
				PRODUCT_NAME = "$(TARGET_NAME)";
			};
			name = Debug;
		};
		7DB998531CE6A16400EE7ECF /* Release */ = {
			isa = XCBuildConfiguration;
			buildSettings = {
				ASSETCATALOG_COMPILER_APPICON_NAME = AppIcon;
				INFOPLIST_FILE = CUApp/Info.plist;
				LD_RUNPATH_SEARCH_PATHS = "$(inherited) @executable_path/Frameworks";
				PRODUCT_BUNDLE_IDENTIFIER = jessalbarian.CUApp;
				PRODUCT_NAME = "$(TARGET_NAME)";
			};
			name = Release;
		};
/* End XCBuildConfiguration section */

/* Begin XCConfigurationList section */
		7DB9983A1CE6A16300EE7ECF /* Build configuration list for PBXProject "CUApp" */ = {
			isa = XCConfigurationList;
			buildConfigurations = (
				7DB9984F1CE6A16400EE7ECF /* Debug */,
				7DB998501CE6A16400EE7ECF /* Release */,
			);
			defaultConfigurationIsVisible = 0;
			defaultConfigurationName = Release;
		};
		7DB998511CE6A16400EE7ECF /* Build configuration list for PBXNativeTarget "CUApp" */ = {
			isa = XCConfigurationList;
			buildConfigurations = (
				7DB998521CE6A16400EE7ECF /* Debug */,
				7DB998531CE6A16400EE7ECF /* Release */,
			);
			defaultConfigurationIsVisible = 0;
			defaultConfigurationName = Release;
		};
/* End XCConfigurationList section */
	};
	rootObject = 7DB998371CE6A16300EE7ECF /* Project object */;
}
